
Microsoft Visual Studio Solution File, Format Version 12.00
# Visual Studio 15
VisualStudioVersion = 15.0.28307.1209
MinimumVisualStudioVersion = 10.0.40219.1
Project("{FAE04EC0-301F-11D3-BF4B-00C04F79EFBC}") = "ChatServer", "ChatServer\ChatServer.csproj", "{5A71051A-1737-4EB0-A330-1C5CDFE4A937}"
EndProject
Project("{FAE04EC0-301F-11D3-BF4B-00C04F79EFBC}") = "ChatServerTests.Tests", "ChatServerTests.Tests\ChatServerTests.Tests.csproj", "{404A98C7-7AEA-4547-9856-D73D4E245FDA}"
EndProject
Global
	GlobalSection(SolutionConfigurationPlatforms) = preSolution
		Debug|Any CPU = Debug|Any CPU
		Release|Any CPU = Release|Any CPU
	EndGlobalSection
	GlobalSection(ProjectConfigurationPlatforms) = postSolution
		{5A71051A-1737-4EB0-A330-1C5CDFE4A937}.Debug|Any CPU.ActiveCfg = Debug|Any CPU
		{5A71051A-1737-4EB0-A330-1C5CDFE4A937}.Debug|Any CPU.Build.0 = Debug|Any CPU
		{5A71051A-1737-4EB0-A330-1C5CDFE4A937}.Release|Any CPU.ActiveCfg = Release|Any CPU
		{5A71051A-1737-4EB0-A330-1C5CDFE4A937}.Release|Any CPU.Build.0 = Release|Any CPU
		{404A98C7-7AEA-4547-9856-D73D4E245FDA}.Debug|Any CPU.ActiveCfg = Debug|Any CPU
		{404A98C7-7AEA-4547-9856-D73D4E245FDA}.Debug|Any CPU.Build.0 = Debug|Any CPU
		{404A98C7-7AEA-4547-9856-D73D4E245FDA}.Release|Any CPU.ActiveCfg = Release|Any CPU
		{404A98C7-7AEA-4547-9856-D73D4E245FDA}.Release|Any CPU.Build.0 = Release|Any CPU
	EndGlobalSection
	GlobalSection(SolutionProperties) = preSolution
		HideSolutionNode = FALSE
	EndGlobalSection
	GlobalSection(ExtensibilityGlobals) = postSolution
		SolutionGuid = {C6EB62B3-F380-444B-BE08-C83CDDCCA0BE}
	EndGlobalSection
EndGlobal
